
Microsoft Visual Studio Solution File, Format Version 12.00
# Visual Studio 15
VisualStudioVersion = 15.0.28307.421
MinimumVisualStudioVersion = 10.0.40219.1
Project("{8BC9CEB8-8B4A-11D0-8D11-00A0C91BC942}") = "Console_App", "Console_App\Console_App.vcxproj", "{34627A70-03A3-4CC6-97F2-3FE8AFCCEFF8}"
EndProject
Project("{8BC9CEB8-8B4A-11D0-8D11-00A0C91BC942}") = "ID", "ID\ID.vcxproj", "{80F1B0DC-3DCD-4AE0-8131-A1B9D6A49689}"
EndProject
Global
	GlobalSection(SolutionConfigurationPlatforms) = preSolution
		Debug|x64 = Debug|x64
		Debug|x86 = Debug|x86
		Release|x64 = Release|x64
		Release|x86 = Release|x86
	EndGlobalSection
	GlobalSection(ProjectConfigurationPlatforms) = postSolution
		{34627A70-03A3-4CC6-97F2-3FE8AFCCEFF8}.Debug|x64.ActiveCfg = Debug|x64
		{34627A70-03A3-4CC6-97F2-3FE8AFCCEFF8}.Debug|x64.Build.0 = Debug|x64
		{34627A70-03A3-4CC6-97F2-3FE8AFCCEFF8}.Debug|x86.ActiveCfg = Debug|Win32
		{34627A70-03A3-4CC6-97F2-3FE8AFCCEFF8}.Debug|x86.Build.0 = Debug|Win32
		{34627A70-03A3-4CC6-97F2-3FE8AFCCEFF8}.Release|x64.ActiveCfg = Release|x64
		{34627A70-03A3-4CC6-97F2-3FE8AFCCEFF8}.Release|x64.Build.0 = Release|x64
		{34627A70-03A3-4CC6-97F2-3FE8AFCCEFF8}.Release|x86.ActiveCfg = Release|Win32
		{34627A70-03A3-4CC6-97F2-3FE8AFCCEFF8}.Release|x86.Build.0 = Release|Win32
		{80F1B0DC-3DCD-4AE0-8131-A1B9D6A49689}.Debug|x64.ActiveCfg = Debug|x64
		{80F1B0DC-3DCD-4AE0-8131-A1B9D6A49689}.Debug|x64.Build.0 = Debug|x64
		{80F1B0DC-3DCD-4AE0-8131-A1B9D6A49689}.Debug|x86.ActiveCfg = Debug|Win32
		{80F1B0DC-3DCD-4AE0-8131-A1B9D6A49689}.Debug|x86.Build.0 = Debug|Win32
		{80F1B0DC-3DCD-4AE0-8131-A1B9D6A49689}.Release|x64.ActiveCfg = Release|x64
		{80F1B0DC-3DCD-4AE0-8131-A1B9D6A49689}.Release|x64.Build.0 = Release|x64
		{80F1B0DC-3DCD-4AE0-8131-A1B9D6A49689}.Release|x86.ActiveCfg = Release|Win32
		{80F1B0DC-3DCD-4AE0-8131-A1B9D6A49689}.Release|x86.Build.0 = Release|Win32
	EndGlobalSection
	GlobalSection(SolutionProperties) = preSolution
		HideSolutionNode = FALSE
	EndGlobalSection
	GlobalSection(ExtensibilityGlobals) = postSolution
		SolutionGuid = {8D9DE274-085A-4866-9B62-312E968BA3B1}
	EndGlobalSection
EndGlobal
